// !$*UTF8*$!
{
	archiveVersion = 1;
	classes = {
	};
	objectVersion = 56;
	objects = {

/* Begin PBXBuildFile section */
		BD07C5B2297495B200F4DE29 /* WelcomeViewController.swift in Sources */ = {isa = PBXBuildFile; fileRef = BD07C5B1297495B200F4DE29 /* WelcomeViewController.swift */; };
		BD07C5B42974963300F4DE29 /* RegisterViewController.swift in Sources */ = {isa = PBXBuildFile; fileRef = BD07C5B32974963300F4DE29 /* RegisterViewController.swift */; };
		BD07C5B62974966400F4DE29 /* SettingsViewController.swift in Sources */ = {isa = PBXBuildFile; fileRef = BD07C5B52974966400F4DE29 /* SettingsViewController.swift */; };
		BD07C5B82974969400F4DE29 /* StatisticsViewController.swift in Sources */ = {isa = PBXBuildFile; fileRef = BD07C5B72974969400F4DE29 /* StatisticsViewController.swift */; };
		BD26C8C0299E44F000EBFCFB /* EnergyModel.swift in Sources */ = {isa = PBXBuildFile; fileRef = BD26C8BF299E44F000EBFCFB /* EnergyModel.swift */; };
		BD3C2F94297D7B5B00F4B914 /* Device.swift in Sources */ = {isa = PBXBuildFile; fileRef = BD3C2F93297D7B5B00F4B914 /* Device.swift */; };
		BD49240D2994F9F700A83D01 /* PowerFireStoreService.swift in Sources */ = {isa = PBXBuildFile; fileRef = BD49240C2994F9F700A83D01 /* PowerFireStoreService.swift */; };
		BD51390B298C4D2500CA0D2B /* client_170320565442-p4gifj3lr5bpigqnctv2fess65lmf298.apps.googleusercontent.com.plist in Resources */ = {isa = PBXBuildFile; fileRef = BD51390A298C4D2500CA0D2B /* client_170320565442-p4gifj3lr5bpigqnctv2fess65lmf298.apps.googleusercontent.com.plist */; };
		BD579FBA296BFE98005C9780 /* LoginViewController.swift in Sources */ = {isa = PBXBuildFile; fileRef = BD579FB9296BFE98005C9780 /* LoginViewController.swift */; };
		BD6327D8297D599100514BF6 /* DevicesCell.swift in Sources */ = {isa = PBXBuildFile; fileRef = BD6327D6297D599100514BF6 /* DevicesCell.swift */; };
		BD6327D9297D599100514BF6 /* DevicesCell.xib in Resources */ = {isa = PBXBuildFile; fileRef = BD6327D7297D599100514BF6 /* DevicesCell.xib */; };
		BD65FCFA2962EC5000C80565 /* DeviceModel.swift in Sources */ = {isa = PBXBuildFile; fileRef = BD65FCF92962EC5000C80565 /* DeviceModel.swift */; };
		BD65FCFE2962F57900C80565 /* DeviceData.swift in Sources */ = {isa = PBXBuildFile; fileRef = BD65FCFD2962F57900C80565 /* DeviceData.swift */; };
		BD6C4A5D299F7FD700D401DD /* EnergyCostDataManager.swift in Sources */ = {isa = PBXBuildFile; fileRef = BD6C4A5C299F7FD700D401DD /* EnergyCostDataManager.swift */; };
		BD6D3ED929754082009C063A /* Constants.swift in Sources */ = {isa = PBXBuildFile; fileRef = BD6D3ED829754082009C063A /* Constants.swift */; };
		BD77EF9D296D45D1000C9940 /* GoogleService-Info.plist in Resources */ = {isa = PBXBuildFile; fileRef = BD77EF9C296D45D1000C9940 /* GoogleService-Info.plist */; };
		BDA6B01A296318AB000EE544 /* DeviceManager.swift in Sources */ = {isa = PBXBuildFile; fileRef = BDA6B019296318AB000EE544 /* DeviceManager.swift */; };
		BDA6B0692965D5DF000EE544 /* PlugControl.swift in Sources */ = {isa = PBXBuildFile; fileRef = BDA6B0682965D5DF000EE544 /* PlugControl.swift */; };
		BDB332BF29885E1D0067B721 /* HomeData.swift in Sources */ = {isa = PBXBuildFile; fileRef = BDB332BE29885E1D0067B721 /* HomeData.swift */; };
		BDC629C4299010780063CA6F /* FirebaseUpdater.swift in Sources */ = {isa = PBXBuildFile; fileRef = BDC629C3299010770063CA6F /* FirebaseUpdater.swift */; };
		BDC629C6299010E50063CA6F /* DataProvider.swift in Sources */ = {isa = PBXBuildFile; fileRef = BDC629C5299010E50063CA6F /* DataProvider.swift */; };
		BDC629C829901F060063CA6F /* DateFormatter.swift in Sources */ = {isa = PBXBuildFile; fileRef = BDC629C729901F060063CA6F /* DateFormatter.swift */; };
		BDCC52F12982AB6D00EEA034 /* AppUtility.swift in Sources */ = {isa = PBXBuildFile; fileRef = BDCC52F02982AB6D00EEA034 /* AppUtility.swift */; };
		BDD015F4299E748E007D9036 /* EnergyManager.swift in Sources */ = {isa = PBXBuildFile; fileRef = BDD015F3299E748E007D9036 /* EnergyManager.swift */; };
		BDF570E7299E5DF700AD93D0 /* SetUpViewController.swift in Sources */ = {isa = PBXBuildFile; fileRef = BDF570E6299E5DF700AD93D0 /* SetUpViewController.swift */; };
		BDFF675729776359006495FC /* HomeAssistantData.swift in Sources */ = {isa = PBXBuildFile; fileRef = BDFF675629776359006495FC /* HomeAssistantData.swift */; };
		BDFF675929788095006495FC /* HomeManager.swift in Sources */ = {isa = PBXBuildFile; fileRef = BDFF675829788095006495FC /* HomeManager.swift */; };
		DAE45FEE295E1CDD00704D59 /* AppDelegate.swift in Sources */ = {isa = PBXBuildFile; fileRef = DAE45FED295E1CDD00704D59 /* AppDelegate.swift */; };
		DAE45FF0295E1CDD00704D59 /* SceneDelegate.swift in Sources */ = {isa = PBXBuildFile; fileRef = DAE45FEF295E1CDD00704D59 /* SceneDelegate.swift */; };
		DAE45FF2295E1CDD00704D59 /* BatteryMonitorViewController.swift in Sources */ = {isa = PBXBuildFile; fileRef = DAE45FF1295E1CDD00704D59 /* BatteryMonitorViewController.swift */; };
		DAE45FF5295E1CDD00704D59 /* Main.storyboard in Resources */ = {isa = PBXBuildFile; fileRef = DAE45FF3295E1CDD00704D59 /* Main.storyboard */; };
		DAE45FF7295E1CDF00704D59 /* Assets.xcassets in Resources */ = {isa = PBXBuildFile; fileRef = DAE45FF6295E1CDF00704D59 /* Assets.xcassets */; };
		DAE45FFA295E1CDF00704D59 /* LaunchScreen.storyboard in Resources */ = {isa = PBXBuildFile; fileRef = DAE45FF8295E1CDF00704D59 /* LaunchScreen.storyboard */; };
		DAE46005295E1CDF00704D59 /* powerManagerTests.swift in Sources */ = {isa = PBXBuildFile; fileRef = DAE46004295E1CDF00704D59 /* powerManagerTests.swift */; };
		DAE4600F295E1CDF00704D59 /* powerManagerUITests.swift in Sources */ = {isa = PBXBuildFile; fileRef = DAE4600E295E1CDF00704D59 /* powerManagerUITests.swift */; };
		DAE46011295E1CDF00704D59 /* powerManagerUITestsLaunchTests.swift in Sources */ = {isa = PBXBuildFile; fileRef = DAE46010295E1CDF00704D59 /* powerManagerUITestsLaunchTests.swift */; };
		DDCD2971B7FD1519C56FE1E6 /* Pods_powerManager.framework in Frameworks */ = {isa = PBXBuildFile; fileRef = B647118994F43D6D95784CE2 /* Pods_powerManager.framework */; };
/* End PBXBuildFile section */

/* Begin PBXContainerItemProxy section */
		DAE46001295E1CDF00704D59 /* PBXContainerItemProxy */ = {
			isa = PBXContainerItemProxy;
			containerPortal = DAE45FE2295E1CDD00704D59 /* Project object */;
			proxyType = 1;
			remoteGlobalIDString = DAE45FE9295E1CDD00704D59;
			remoteInfo = powerManager;
		};
		DAE4600B295E1CDF00704D59 /* PBXContainerItemProxy */ = {
			isa = PBXContainerItemProxy;
			containerPortal = DAE45FE2295E1CDD00704D59 /* Project object */;
			proxyType = 1;
			remoteGlobalIDString = DAE45FE9295E1CDD00704D59;
			remoteInfo = powerManager;
		};
/* End PBXContainerItemProxy section */

/* Begin PBXFileReference section */
		3B50EE9563F622BE1EDB0E69 /* Pods-powerManager.release.xcconfig */ = {isa = PBXFileReference; includeInIndex = 1; lastKnownFileType = text.xcconfig; name = "Pods-powerManager.release.xcconfig"; path = "Target Support Files/Pods-powerManager/Pods-powerManager.release.xcconfig"; sourceTree = "<group>"; };
		7930DD278211EB5472DFDCDE /* Pods-powerManager.debug.xcconfig */ = {isa = PBXFileReference; includeInIndex = 1; lastKnownFileType = text.xcconfig; name = "Pods-powerManager.debug.xcconfig"; path = "Target Support Files/Pods-powerManager/Pods-powerManager.debug.xcconfig"; sourceTree = "<group>"; };
		B647118994F43D6D95784CE2 /* Pods_powerManager.framework */ = {isa = PBXFileReference; explicitFileType = wrapper.framework; includeInIndex = 0; path = Pods_powerManager.framework; sourceTree = BUILT_PRODUCTS_DIR; };
		BD07C5B1297495B200F4DE29 /* WelcomeViewController.swift */ = {isa = PBXFileReference; lastKnownFileType = sourcecode.swift; path = WelcomeViewController.swift; sourceTree = "<group>"; };
		BD07C5B32974963300F4DE29 /* RegisterViewController.swift */ = {isa = PBXFileReference; lastKnownFileType = sourcecode.swift; path = RegisterViewController.swift; sourceTree = "<group>"; };
		BD07C5B52974966400F4DE29 /* SettingsViewController.swift */ = {isa = PBXFileReference; lastKnownFileType = sourcecode.swift; path = SettingsViewController.swift; sourceTree = "<group>"; };
		BD07C5B72974969400F4DE29 /* StatisticsViewController.swift */ = {isa = PBXFileReference; lastKnownFileType = sourcecode.swift; path = StatisticsViewController.swift; sourceTree = "<group>"; };
		BD26C8BF299E44F000EBFCFB /* EnergyModel.swift */ = {isa = PBXFileReference; lastKnownFileType = sourcecode.swift; path = EnergyModel.swift; sourceTree = "<group>"; };
		BD3C2F93297D7B5B00F4B914 /* Device.swift */ = {isa = PBXFileReference; lastKnownFileType = sourcecode.swift; path = Device.swift; sourceTree = "<group>"; };
		BD49240C2994F9F700A83D01 /* PowerFireStoreService.swift */ = {isa = PBXFileReference; lastKnownFileType = sourcecode.swift; path = PowerFireStoreService.swift; sourceTree = "<group>"; };
		BD51390A298C4D2500CA0D2B /* client_170320565442-p4gifj3lr5bpigqnctv2fess65lmf298.apps.googleusercontent.com.plist */ = {isa = PBXFileReference; fileEncoding = 4; lastKnownFileType = text.plist.xml; name = "client_170320565442-p4gifj3lr5bpigqnctv2fess65lmf298.apps.googleusercontent.com.plist"; path = "../../../../Downloads/client_170320565442-p4gifj3lr5bpigqnctv2fess65lmf298.apps.googleusercontent.com.plist"; sourceTree = "<group>"; };
		BD579FB8296BF505005C9780 /* powerManager.entitlements */ = {isa = PBXFileReference; lastKnownFileType = text.plist.entitlements; path = powerManager.entitlements; sourceTree = "<group>"; };
		BD579FB9296BFE98005C9780 /* LoginViewController.swift */ = {isa = PBXFileReference; lastKnownFileType = sourcecode.swift; path = LoginViewController.swift; sourceTree = "<group>"; };
		BD6327D6297D599100514BF6 /* DevicesCell.swift */ = {isa = PBXFileReference; lastKnownFileType = sourcecode.swift; path = DevicesCell.swift; sourceTree = "<group>"; };
		BD6327D7297D599100514BF6 /* DevicesCell.xib */ = {isa = PBXFileReference; lastKnownFileType = file.xib; path = DevicesCell.xib; sourceTree = "<group>"; };
		BD65FCF92962EC5000C80565 /* DeviceModel.swift */ = {isa = PBXFileReference; lastKnownFileType = sourcecode.swift; path = DeviceModel.swift; sourceTree = "<group>"; };
		BD65FCFD2962F57900C80565 /* DeviceData.swift */ = {isa = PBXFileReference; lastKnownFileType = sourcecode.swift; path = DeviceData.swift; sourceTree = "<group>"; };
		BD6C4A5C299F7FD700D401DD /* EnergyCostDataManager.swift */ = {isa = PBXFileReference; lastKnownFileType = sourcecode.swift; path = EnergyCostDataManager.swift; sourceTree = "<group>"; };
		BD6D3ED829754082009C063A /* Constants.swift */ = {isa = PBXFileReference; lastKnownFileType = sourcecode.swift; path = Constants.swift; sourceTree = "<group>"; };
		BD77EF9C296D45D1000C9940 /* GoogleService-Info.plist */ = {isa = PBXFileReference; fileEncoding = 4; lastKnownFileType = text.plist.xml; path = "GoogleService-Info.plist"; sourceTree = "<group>"; };
		BDA6B019296318AB000EE544 /* DeviceManager.swift */ = {isa = PBXFileReference; lastKnownFileType = sourcecode.swift; path = DeviceManager.swift; sourceTree = "<group>"; };
		BDA6B0682965D5DF000EE544 /* PlugControl.swift */ = {isa = PBXFileReference; lastKnownFileType = sourcecode.swift; path = PlugControl.swift; sourceTree = "<group>"; };
		BDB332BE29885E1D0067B721 /* HomeData.swift */ = {isa = PBXFileReference; lastKnownFileType = sourcecode.swift; path = HomeData.swift; sourceTree = "<group>"; };
		BDC629C3299010770063CA6F /* FirebaseUpdater.swift */ = {isa = PBXFileReference; lastKnownFileType = sourcecode.swift; path = FirebaseUpdater.swift; sourceTree = "<group>"; };
		BDC629C5299010E50063CA6F /* DataProvider.swift */ = {isa = PBXFileReference; lastKnownFileType = sourcecode.swift; path = DataProvider.swift; sourceTree = "<group>"; };
		BDC629C729901F060063CA6F /* DateFormatter.swift */ = {isa = PBXFileReference; lastKnownFileType = sourcecode.swift; path = DateFormatter.swift; sourceTree = "<group>"; };
		BDCC52F02982AB6D00EEA034 /* AppUtility.swift */ = {isa = PBXFileReference; lastKnownFileType = sourcecode.swift; path = AppUtility.swift; sourceTree = "<group>"; };
		BDD015F3299E748E007D9036 /* EnergyManager.swift */ = {isa = PBXFileReference; lastKnownFileType = sourcecode.swift; path = EnergyManager.swift; sourceTree = "<group>"; };
		BDF570E6299E5DF700AD93D0 /* SetUpViewController.swift */ = {isa = PBXFileReference; lastKnownFileType = sourcecode.swift; path = SetUpViewController.swift; sourceTree = "<group>"; };
		BDFF675629776359006495FC /* HomeAssistantData.swift */ = {isa = PBXFileReference; lastKnownFileType = sourcecode.swift; path = HomeAssistantData.swift; sourceTree = "<group>"; };
		BDFF675829788095006495FC /* HomeManager.swift */ = {isa = PBXFileReference; lastKnownFileType = sourcecode.swift; path = HomeManager.swift; sourceTree = "<group>"; };
		DAE45FEA295E1CDD00704D59 /* powerManager.app */ = {isa = PBXFileReference; explicitFileType = wrapper.application; includeInIndex = 0; path = powerManager.app; sourceTree = BUILT_PRODUCTS_DIR; };
		DAE45FED295E1CDD00704D59 /* AppDelegate.swift */ = {isa = PBXFileReference; lastKnownFileType = sourcecode.swift; path = AppDelegate.swift; sourceTree = "<group>"; };
		DAE45FEF295E1CDD00704D59 /* SceneDelegate.swift */ = {isa = PBXFileReference; lastKnownFileType = sourcecode.swift; path = SceneDelegate.swift; sourceTree = "<group>"; };
		DAE45FF1295E1CDD00704D59 /* BatteryMonitorViewController.swift */ = {isa = PBXFileReference; lastKnownFileType = sourcecode.swift; path = BatteryMonitorViewController.swift; sourceTree = "<group>"; };
		DAE45FF4295E1CDD00704D59 /* Base */ = {isa = PBXFileReference; lastKnownFileType = file.storyboard; name = Base; path = Base.lproj/Main.storyboard; sourceTree = "<group>"; };
		DAE45FF6295E1CDF00704D59 /* Assets.xcassets */ = {isa = PBXFileReference; lastKnownFileType = folder.assetcatalog; path = Assets.xcassets; sourceTree = "<group>"; };
		DAE45FF9295E1CDF00704D59 /* Base */ = {isa = PBXFileReference; lastKnownFileType = file.storyboard; name = Base; path = Base.lproj/LaunchScreen.storyboard; sourceTree = "<group>"; };
		DAE45FFB295E1CDF00704D59 /* Info.plist */ = {isa = PBXFileReference; lastKnownFileType = text.plist.xml; path = Info.plist; sourceTree = "<group>"; };
		DAE46000295E1CDF00704D59 /* powerManagerTests.xctest */ = {isa = PBXFileReference; explicitFileType = wrapper.cfbundle; includeInIndex = 0; path = powerManagerTests.xctest; sourceTree = BUILT_PRODUCTS_DIR; };
		DAE46004295E1CDF00704D59 /* powerManagerTests.swift */ = {isa = PBXFileReference; lastKnownFileType = sourcecode.swift; path = powerManagerTests.swift; sourceTree = "<group>"; };
		DAE4600A295E1CDF00704D59 /* powerManagerUITests.xctest */ = {isa = PBXFileReference; explicitFileType = wrapper.cfbundle; includeInIndex = 0; path = powerManagerUITests.xctest; sourceTree = BUILT_PRODUCTS_DIR; };
		DAE4600E295E1CDF00704D59 /* powerManagerUITests.swift */ = {isa = PBXFileReference; lastKnownFileType = sourcecode.swift; path = powerManagerUITests.swift; sourceTree = "<group>"; };
		DAE46010295E1CDF00704D59 /* powerManagerUITestsLaunchTests.swift */ = {isa = PBXFileReference; lastKnownFileType = sourcecode.swift; path = powerManagerUITestsLaunchTests.swift; sourceTree = "<group>"; };
/* End PBXFileReference section */

/* Begin PBXFrameworksBuildPhase section */
		DAE45FE7295E1CDD00704D59 /* Frameworks */ = {
			isa = PBXFrameworksBuildPhase;
			buildActionMask = 2147483647;
			files = (
				DDCD2971B7FD1519C56FE1E6 /* Pods_powerManager.framework in Frameworks */,
			);
			runOnlyForDeploymentPostprocessing = 0;
		};
		DAE45FFD295E1CDF00704D59 /* Frameworks */ = {
			isa = PBXFrameworksBuildPhase;
			buildActionMask = 2147483647;
			files = (
			);
			runOnlyForDeploymentPostprocessing = 0;
		};
		DAE46007295E1CDF00704D59 /* Frameworks */ = {
			isa = PBXFrameworksBuildPhase;
			buildActionMask = 2147483647;
			files = (
			);
			runOnlyForDeploymentPostprocessing = 0;
		};
/* End PBXFrameworksBuildPhase section */

/* Begin PBXGroup section */
		0C9062B8D8C97858F2EB0C0C /* Frameworks */ = {
			isa = PBXGroup;
			children = (
				B647118994F43D6D95784CE2 /* Pods_powerManager.framework */,
			);
			name = Frameworks;
			sourceTree = "<group>";
		};
		0E1E3599FB236270EB4C5255 /* Pods */ = {
			isa = PBXGroup;
			children = (
				7930DD278211EB5472DFDCDE /* Pods-powerManager.debug.xcconfig */,
				3B50EE9563F622BE1EDB0E69 /* Pods-powerManager.release.xcconfig */,
			);
			path = Pods;
			sourceTree = "<group>";
		};
		DAB806F5295E332E00C5136E /* View */ = {
			isa = PBXGroup;
			children = (
				DAE45FF8295E1CDF00704D59 /* LaunchScreen.storyboard */,
				DAE45FF3295E1CDD00704D59 /* Main.storyboard */,
				BD6327D6297D599100514BF6 /* DevicesCell.swift */,
				BD6327D7297D599100514BF6 /* DevicesCell.xib */,
			);
			path = View;
			sourceTree = "<group>";
		};
		DAB806F6295E333D00C5136E /* Model */ = {
			isa = PBXGroup;
			children = (
				BD65FCF92962EC5000C80565 /* DeviceModel.swift */,
				BD3C2F93297D7B5B00F4B914 /* Device.swift */,
				BD65FCFD2962F57900C80565 /* DeviceData.swift */,
				BDA6B019296318AB000EE544 /* DeviceManager.swift */,
				BDFF675629776359006495FC /* HomeAssistantData.swift */,
				BDB332BE29885E1D0067B721 /* HomeData.swift */,
				BDFF675829788095006495FC /* HomeManager.swift */,
				BDA6B0682965D5DF000EE544 /* PlugControl.swift */,
				BDC629C3299010770063CA6F /* FirebaseUpdater.swift */,
				BDC629C5299010E50063CA6F /* DataProvider.swift */,
				BDC629C729901F060063CA6F /* DateFormatter.swift */,
				BD49240C2994F9F700A83D01 /* PowerFireStoreService.swift */,
				BD26C8BF299E44F000EBFCFB /* EnergyModel.swift */,
				BDD015F3299E748E007D9036 /* EnergyManager.swift */,
				BD6C4A5C299F7FD700D401DD /* EnergyCostDataManager.swift */,
			);
			path = Model;
			sourceTree = "<group>";
		};
		DAB806F7295E334900C5136E /* Controller */ = {
			isa = PBXGroup;
			children = (
				DAE45FF1295E1CDD00704D59 /* BatteryMonitorViewController.swift */,
				BD579FB9296BFE98005C9780 /* LoginViewController.swift */,
				BD07C5B1297495B200F4DE29 /* WelcomeViewController.swift */,
				BD07C5B32974963300F4DE29 /* RegisterViewController.swift */,
				BD07C5B52974966400F4DE29 /* SettingsViewController.swift */,
				BD07C5B72974969400F4DE29 /* StatisticsViewController.swift */,
				BDF570E6299E5DF700AD93D0 /* SetUpViewController.swift */,
			);
			path = Controller;
			sourceTree = "<group>";
		};
		DAE45FE1295E1CDD00704D59 = {
			isa = PBXGroup;
			children = (
				DAE45FEC295E1CDD00704D59 /* powerManager */,
				DAE46003295E1CDF00704D59 /* powerManagerTests */,
				DAE4600D295E1CDF00704D59 /* powerManagerUITests */,
				DAE45FEB295E1CDD00704D59 /* Products */,
				0E1E3599FB236270EB4C5255 /* Pods */,
				0C9062B8D8C97858F2EB0C0C /* Frameworks */,
			);
			sourceTree = "<group>";
		};
		DAE45FEB295E1CDD00704D59 /* Products */ = {
			isa = PBXGroup;
			children = (
				DAE45FEA295E1CDD00704D59 /* powerManager.app */,
				DAE46000295E1CDF00704D59 /* powerManagerTests.xctest */,
				DAE4600A295E1CDF00704D59 /* powerManagerUITests.xctest */,
			);
			name = Products;
			sourceTree = "<group>";
		};
		DAE45FEC295E1CDD00704D59 /* powerManager */ = {
			isa = PBXGroup;
			children = (
				BD579FB8296BF505005C9780 /* powerManager.entitlements */,
				DAE45FED295E1CDD00704D59 /* AppDelegate.swift */,
				DAE45FEF295E1CDD00704D59 /* SceneDelegate.swift */,
				DAB806F6295E333D00C5136E /* Model */,
				DAB806F5295E332E00C5136E /* View */,
				DAB806F7295E334900C5136E /* Controller */,
				DAE45FF6295E1CDF00704D59 /* Assets.xcassets */,
				DAE45FFB295E1CDF00704D59 /* Info.plist */,
				BD77EF9C296D45D1000C9940 /* GoogleService-Info.plist */,
				BD51390A298C4D2500CA0D2B /* client_170320565442-p4gifj3lr5bpigqnctv2fess65lmf298.apps.googleusercontent.com.plist */,
				BD6D3ED829754082009C063A /* Constants.swift */,
				BDCC52F02982AB6D00EEA034 /* AppUtility.swift */,
			);
			path = powerManager;
			sourceTree = "<group>";
		};
		DAE46003295E1CDF00704D59 /* powerManagerTests */ = {
			isa = PBXGroup;
			children = (
				DAE46004295E1CDF00704D59 /* powerManagerTests.swift */,
			);
			path = powerManagerTests;
			sourceTree = "<group>";
		};
		DAE4600D295E1CDF00704D59 /* powerManagerUITests */ = {
			isa = PBXGroup;
			children = (
				DAE4600E295E1CDF00704D59 /* powerManagerUITests.swift */,
				DAE46010295E1CDF00704D59 /* powerManagerUITestsLaunchTests.swift */,
			);
			path = powerManagerUITests;
			sourceTree = "<group>";
		};
/* End PBXGroup section */

/* Begin PBXNativeTarget section */
		DAE45FE9295E1CDD00704D59 /* powerManager */ = {
			isa = PBXNativeTarget;
			buildConfigurationList = DAE46014295E1CDF00704D59 /* Build configuration list for PBXNativeTarget "powerManager" */;
			buildPhases = (
				5D0A8AA968FEBF5567585AC0 /* [CP] Check Pods Manifest.lock */,
				DAE45FE6295E1CDD00704D59 /* Sources */,
				DAE45FE7295E1CDD00704D59 /* Frameworks */,
				DAE45FE8295E1CDD00704D59 /* Resources */,
				F88BAF69D7335E6CE3C1D2DB /* [CP] Embed Pods Frameworks */,
			);
			buildRules = (
			);
			dependencies = (
			);
			name = powerManager;
			productName = powerManager;
			productReference = DAE45FEA295E1CDD00704D59 /* powerManager.app */;
			productType = "com.apple.product-type.application";
		};
		DAE45FFF295E1CDF00704D59 /* powerManagerTests */ = {
			isa = PBXNativeTarget;
			buildConfigurationList = DAE46017295E1CDF00704D59 /* Build configuration list for PBXNativeTarget "powerManagerTests" */;
			buildPhases = (
				DAE45FFC295E1CDF00704D59 /* Sources */,
				DAE45FFD295E1CDF00704D59 /* Frameworks */,
				DAE45FFE295E1CDF00704D59 /* Resources */,
			);
			buildRules = (
			);
			dependencies = (
				DAE46002295E1CDF00704D59 /* PBXTargetDependency */,
			);
			name = powerManagerTests;
			productName = powerManagerTests;
			productReference = DAE46000295E1CDF00704D59 /* powerManagerTests.xctest */;
			productType = "com.apple.product-type.bundle.unit-test";
		};
		DAE46009295E1CDF00704D59 /* powerManagerUITests */ = {
			isa = PBXNativeTarget;
			buildConfigurationList = DAE4601A295E1CDF00704D59 /* Build configuration list for PBXNativeTarget "powerManagerUITests" */;
			buildPhases = (
				DAE46006295E1CDF00704D59 /* Sources */,
				DAE46007295E1CDF00704D59 /* Frameworks */,
				DAE46008295E1CDF00704D59 /* Resources */,
			);
			buildRules = (
			);
			dependencies = (
				DAE4600C295E1CDF00704D59 /* PBXTargetDependency */,
			);
			name = powerManagerUITests;
			productName = powerManagerUITests;
			productReference = DAE4600A295E1CDF00704D59 /* powerManagerUITests.xctest */;
			productType = "com.apple.product-type.bundle.ui-testing";
		};
/* End PBXNativeTarget section */

/* Begin PBXProject section */
		DAE45FE2295E1CDD00704D59 /* Project object */ = {
			isa = PBXProject;
			attributes = {
				BuildIndependentTargetsInParallel = 1;
				LastSwiftUpdateCheck = 1400;
				LastUpgradeCheck = 1400;
				TargetAttributes = {
					DAE45FE9295E1CDD00704D59 = {
						CreatedOnToolsVersion = 14.0.1;
					};
					DAE45FFF295E1CDF00704D59 = {
						CreatedOnToolsVersion = 14.0.1;
						TestTargetID = DAE45FE9295E1CDD00704D59;
					};
					DAE46009295E1CDF00704D59 = {
						CreatedOnToolsVersion = 14.0.1;
						TestTargetID = DAE45FE9295E1CDD00704D59;
					};
				};
			};
			buildConfigurationList = DAE45FE5295E1CDD00704D59 /* Build configuration list for PBXProject "powerManager" */;
			compatibilityVersion = "Xcode 14.0";
			developmentRegion = en;
			hasScannedForEncodings = 0;
			knownRegions = (
				en,
				Base,
			);
			mainGroup = DAE45FE1295E1CDD00704D59;
			productRefGroup = DAE45FEB295E1CDD00704D59 /* Products */;
			projectDirPath = "";
			projectRoot = "";
			targets = (
				DAE45FE9295E1CDD00704D59 /* powerManager */,
				DAE45FFF295E1CDF00704D59 /* powerManagerTests */,
				DAE46009295E1CDF00704D59 /* powerManagerUITests */,
			);
		};
/* End PBXProject section */

/* Begin PBXResourcesBuildPhase section */
		DAE45FE8295E1CDD00704D59 /* Resources */ = {
			isa = PBXResourcesBuildPhase;
			buildActionMask = 2147483647;
			files = (
				BD6327D9297D599100514BF6 /* DevicesCell.xib in Resources */,
				BD51390B298C4D2500CA0D2B /* client_170320565442-p4gifj3lr5bpigqnctv2fess65lmf298.apps.googleusercontent.com.plist in Resources */,
				DAE45FFA295E1CDF00704D59 /* LaunchScreen.storyboard in Resources */,
				BD77EF9D296D45D1000C9940 /* GoogleService-Info.plist in Resources */,
				DAE45FF7295E1CDF00704D59 /* Assets.xcassets in Resources */,
				DAE45FF5295E1CDD00704D59 /* Main.storyboard in Resources */,
			);
			runOnlyForDeploymentPostprocessing = 0;
		};
		DAE45FFE295E1CDF00704D59 /* Resources */ = {
			isa = PBXResourcesBuildPhase;
			buildActionMask = 2147483647;
			files = (
			);
			runOnlyForDeploymentPostprocessing = 0;
		};
		DAE46008295E1CDF00704D59 /* Resources */ = {
			isa = PBXResourcesBuildPhase;
			buildActionMask = 2147483647;
			files = (
			);
			runOnlyForDeploymentPostprocessing = 0;
		};
/* End PBXResourcesBuildPhase section */

/* Begin PBXShellScriptBuildPhase section */
		5D0A8AA968FEBF5567585AC0 /* [CP] Check Pods Manifest.lock */ = {
			isa = PBXShellScriptBuildPhase;
			buildActionMask = 2147483647;
			files = (
			);
			inputFileListPaths = (
			);
			inputPaths = (
				"${PODS_PODFILE_DIR_PATH}/Podfile.lock",
				"${PODS_ROOT}/Manifest.lock",
			);
			name = "[CP] Check Pods Manifest.lock";
			outputFileListPaths = (
			);
			outputPaths = (
				"$(DERIVED_FILE_DIR)/Pods-powerManager-checkManifestLockResult.txt",
			);
			runOnlyForDeploymentPostprocessing = 0;
			shellPath = /bin/sh;
			shellScript = "diff \"${PODS_PODFILE_DIR_PATH}/Podfile.lock\" \"${PODS_ROOT}/Manifest.lock\" > /dev/null\nif [ $? != 0 ] ; then\n    # print error to STDERR\n    echo \"error: The sandbox is not in sync with the Podfile.lock. Run 'pod install' or update your CocoaPods installation.\" >&2\n    exit 1\nfi\n# This output is used by Xcode 'outputs' to avoid re-running this script phase.\necho \"SUCCESS\" > \"${SCRIPT_OUTPUT_FILE_0}\"\n";
			showEnvVarsInLog = 0;
		};
		F88BAF69D7335E6CE3C1D2DB /* [CP] Embed Pods Frameworks */ = {
			isa = PBXShellScriptBuildPhase;
			buildActionMask = 2147483647;
			files = (
			);
			inputFileListPaths = (
				"${PODS_ROOT}/Target Support Files/Pods-powerManager/Pods-powerManager-frameworks-${CONFIGURATION}-input-files.xcfilelist",
			);
			name = "[CP] Embed Pods Frameworks";
			outputFileListPaths = (
				"${PODS_ROOT}/Target Support Files/Pods-powerManager/Pods-powerManager-frameworks-${CONFIGURATION}-output-files.xcfilelist",
			);
			runOnlyForDeploymentPostprocessing = 0;
			shellPath = /bin/sh;
			shellScript = "\"${PODS_ROOT}/Target Support Files/Pods-powerManager/Pods-powerManager-frameworks.sh\"\n";
			showEnvVarsInLog = 0;
		};
/* End PBXShellScriptBuildPhase section */

/* Begin PBXSourcesBuildPhase section */
		DAE45FE6295E1CDD00704D59 /* Sources */ = {
			isa = PBXSourcesBuildPhase;
			buildActionMask = 2147483647;
			files = (
				BDFF675929788095006495FC /* HomeManager.swift in Sources */,
				BD579FBA296BFE98005C9780 /* LoginViewController.swift in Sources */,
				BDFF675729776359006495FC /* HomeAssistantData.swift in Sources */,
				BDC629C6299010E50063CA6F /* DataProvider.swift in Sources */,
				BDB332BF29885E1D0067B721 /* HomeData.swift in Sources */,
				BDD015F4299E748E007D9036 /* EnergyManager.swift in Sources */,
				BD07C5B42974963300F4DE29 /* RegisterViewController.swift in Sources */,
				BD07C5B2297495B200F4DE29 /* WelcomeViewController.swift in Sources */,
				BDA6B01A296318AB000EE544 /* DeviceManager.swift in Sources */,
				DAE45FF2295E1CDD00704D59 /* BatteryMonitorViewController.swift in Sources */,
				BD65FCFA2962EC5000C80565 /* DeviceModel.swift in Sources */,
				DAE45FEE295E1CDD00704D59 /* AppDelegate.swift in Sources */,
				BD6C4A5D299F7FD700D401DD /* EnergyCostDataManager.swift in Sources */,
				BDA6B0692965D5DF000EE544 /* PlugControl.swift in Sources */,
				BDCC52F12982AB6D00EEA034 /* AppUtility.swift in Sources */,
				DAE45FF0295E1CDD00704D59 /* SceneDelegate.swift in Sources */,
				BD65FCFE2962F57900C80565 /* DeviceData.swift in Sources */,
				BDC629C4299010780063CA6F /* FirebaseUpdater.swift in Sources */,
				BDC629C829901F060063CA6F /* DateFormatter.swift in Sources */,
				BD6D3ED929754082009C063A /* Constants.swift in Sources */,
				BD07C5B62974966400F4DE29 /* SettingsViewController.swift in Sources */,
				BD6327D8297D599100514BF6 /* DevicesCell.swift in Sources */,
				BD49240D2994F9F700A83D01 /* PowerFireStoreService.swift in Sources */,
				BD07C5B82974969400F4DE29 /* StatisticsViewController.swift in Sources */,
				BD3C2F94297D7B5B00F4B914 /* Device.swift in Sources */,
				BD26C8C0299E44F000EBFCFB /* EnergyModel.swift in Sources */,
				BDF570E7299E5DF700AD93D0 /* SetUpViewController.swift in Sources */,
			);
			runOnlyForDeploymentPostprocessing = 0;
		};
		DAE45FFC295E1CDF00704D59 /* Sources */ = {
			isa = PBXSourcesBuildPhase;
			buildActionMask = 2147483647;
			files = (
				DAE46005295E1CDF00704D59 /* powerManagerTests.swift in Sources */,
			);
			runOnlyForDeploymentPostprocessing = 0;
		};
		DAE46006295E1CDF00704D59 /* Sources */ = {
			isa = PBXSourcesBuildPhase;
			buildActionMask = 2147483647;
			files = (
				DAE46011295E1CDF00704D59 /* powerManagerUITestsLaunchTests.swift in Sources */,
				DAE4600F295E1CDF00704D59 /* powerManagerUITests.swift in Sources */,
			);
			runOnlyForDeploymentPostprocessing = 0;
		};
/* End PBXSourcesBuildPhase section */

/* Begin PBXTargetDependency section */
		DAE46002295E1CDF00704D59 /* PBXTargetDependency */ = {
			isa = PBXTargetDependency;
			target = DAE45FE9295E1CDD00704D59 /* powerManager */;
			targetProxy = DAE46001295E1CDF00704D59 /* PBXContainerItemProxy */;
		};
		DAE4600C295E1CDF00704D59 /* PBXTargetDependency */ = {
			isa = PBXTargetDependency;
			target = DAE45FE9295E1CDD00704D59 /* powerManager */;
			targetProxy = DAE4600B295E1CDF00704D59 /* PBXContainerItemProxy */;
		};
/* End PBXTargetDependency section */

/* Begin PBXVariantGroup section */
		DAE45FF3295E1CDD00704D59 /* Main.storyboard */ = {
			isa = PBXVariantGroup;
			children = (
				DAE45FF4295E1CDD00704D59 /* Base */,
			);
			name = Main.storyboard;
			sourceTree = "<group>";
		};
		DAE45FF8295E1CDF00704D59 /* LaunchScreen.storyboard */ = {
			isa = PBXVariantGroup;
			children = (
				DAE45FF9295E1CDF00704D59 /* Base */,
			);
			name = LaunchScreen.storyboard;
			sourceTree = "<group>";
		};
/* End PBXVariantGroup section */

/* Begin XCBuildConfiguration section */
		DAE46012295E1CDF00704D59 /* Debug */ = {
			isa = XCBuildConfiguration;
			buildSettings = {
				ALWAYS_SEARCH_USER_PATHS = NO;
				CLANG_ANALYZER_NONNULL = YES;
				CLANG_ANALYZER_NUMBER_OBJECT_CONVERSION = YES_AGGRESSIVE;
				CLANG_CXX_LANGUAGE_STANDARD = "gnu++20";
				CLANG_ENABLE_MODULES = YES;
				CLANG_ENABLE_OBJC_ARC = YES;
				CLANG_ENABLE_OBJC_WEAK = YES;
				CLANG_WARN_BLOCK_CAPTURE_AUTORELEASING = YES;
				CLANG_WARN_BOOL_CONVERSION = YES;
				CLANG_WARN_COMMA = YES;
				CLANG_WARN_CONSTANT_CONVERSION = YES;
				CLANG_WARN_DEPRECATED_OBJC_IMPLEMENTATIONS = YES;
				CLANG_WARN_DIRECT_OBJC_ISA_USAGE = YES_ERROR;
				CLANG_WARN_DOCUMENTATION_COMMENTS = YES;
				CLANG_WARN_EMPTY_BODY = YES;
				CLANG_WARN_ENUM_CONVERSION = YES;
				CLANG_WARN_INFINITE_RECURSION = YES;
				CLANG_WARN_INT_CONVERSION = YES;
				CLANG_WARN_NON_LITERAL_NULL_CONVERSION = YES;
				CLANG_WARN_OBJC_IMPLICIT_RETAIN_SELF = YES;
				CLANG_WARN_OBJC_LITERAL_CONVERSION = YES;
				CLANG_WARN_OBJC_ROOT_CLASS = YES_ERROR;
				CLANG_WARN_QUOTED_INCLUDE_IN_FRAMEWORK_HEADER = YES;
				CLANG_WARN_RANGE_LOOP_ANALYSIS = YES;
				CLANG_WARN_STRICT_PROTOTYPES = YES;
				CLANG_WARN_SUSPICIOUS_MOVE = YES;
				CLANG_WARN_UNGUARDED_AVAILABILITY = YES_AGGRESSIVE;
				CLANG_WARN_UNREACHABLE_CODE = YES;
				CLANG_WARN__DUPLICATE_METHOD_MATCH = YES;
				COPY_PHASE_STRIP = NO;
				DEBUG_INFORMATION_FORMAT = dwarf;
				ENABLE_STRICT_OBJC_MSGSEND = YES;
				ENABLE_TESTABILITY = YES;
				GCC_C_LANGUAGE_STANDARD = gnu11;
				GCC_DYNAMIC_NO_PIC = NO;
				GCC_NO_COMMON_BLOCKS = YES;
				GCC_OPTIMIZATION_LEVEL = 0;
				GCC_PREPROCESSOR_DEFINITIONS = (
					"DEBUG=1",
					"$(inherited)",
				);
				GCC_WARN_64_TO_32_BIT_CONVERSION = YES;
				GCC_WARN_ABOUT_RETURN_TYPE = YES_ERROR;
				GCC_WARN_UNDECLARED_SELECTOR = YES;
				GCC_WARN_UNINITIALIZED_AUTOS = YES_AGGRESSIVE;
				GCC_WARN_UNUSED_FUNCTION = YES;
				GCC_WARN_UNUSED_VARIABLE = YES;
				IPHONEOS_DEPLOYMENT_TARGET = 16.0;
				MTL_ENABLE_DEBUG_INFO = INCLUDE_SOURCE;
				MTL_FAST_MATH = YES;
				ONLY_ACTIVE_ARCH = YES;
				SDKROOT = iphoneos;
				SWIFT_ACTIVE_COMPILATION_CONDITIONS = DEBUG;
				SWIFT_OPTIMIZATION_LEVEL = "-Onone";
			};
			name = Debug;
		};
		DAE46013295E1CDF00704D59 /* Release */ = {
			isa = XCBuildConfiguration;
			buildSettings = {
				ALWAYS_SEARCH_USER_PATHS = NO;
				CLANG_ANALYZER_NONNULL = YES;
				CLANG_ANALYZER_NUMBER_OBJECT_CONVERSION = YES_AGGRESSIVE;
				CLANG_CXX_LANGUAGE_STANDARD = "gnu++20";
				CLANG_ENABLE_MODULES = YES;
				CLANG_ENABLE_OBJC_ARC = YES;
				CLANG_ENABLE_OBJC_WEAK = YES;
				CLANG_WARN_BLOCK_CAPTURE_AUTORELEASING = YES;
				CLANG_WARN_BOOL_CONVERSION = YES;
				CLANG_WARN_COMMA = YES;
				CLANG_WARN_CONSTANT_CONVERSION = YES;
				CLANG_WARN_DEPRECATED_OBJC_IMPLEMENTATIONS = YES;
				CLANG_WARN_DIRECT_OBJC_ISA_USAGE = YES_ERROR;
				CLANG_WARN_DOCUMENTATION_COMMENTS = YES;
				CLANG_WARN_EMPTY_BODY = YES;
				CLANG_WARN_ENUM_CONVERSION = YES;
				CLANG_WARN_INFINITE_RECURSION = YES;
				CLANG_WARN_INT_CONVERSION = YES;
				CLANG_WARN_NON_LITERAL_NULL_CONVERSION = YES;
				CLANG_WARN_OBJC_IMPLICIT_RETAIN_SELF = YES;
				CLANG_WARN_OBJC_LITERAL_CONVERSION = YES;
				CLANG_WARN_OBJC_ROOT_CLASS = YES_ERROR;
				CLANG_WARN_QUOTED_INCLUDE_IN_FRAMEWORK_HEADER = YES;
				CLANG_WARN_RANGE_LOOP_ANALYSIS = YES;
				CLANG_WARN_STRICT_PROTOTYPES = YES;
				CLANG_WARN_SUSPICIOUS_MOVE = YES;
				CLANG_WARN_UNGUARDED_AVAILABILITY = YES_AGGRESSIVE;
				CLANG_WARN_UNREACHABLE_CODE = YES;
				CLANG_WARN__DUPLICATE_METHOD_MATCH = YES;
				COPY_PHASE_STRIP = NO;
				DEBUG_INFORMATION_FORMAT = "dwarf-with-dsym";
				ENABLE_NS_ASSERTIONS = NO;
				ENABLE_STRICT_OBJC_MSGSEND = YES;
				GCC_C_LANGUAGE_STANDARD = gnu11;
				GCC_NO_COMMON_BLOCKS = YES;
				GCC_WARN_64_TO_32_BIT_CONVERSION = YES;
				GCC_WARN_ABOUT_RETURN_TYPE = YES_ERROR;
				GCC_WARN_UNDECLARED_SELECTOR = YES;
				GCC_WARN_UNINITIALIZED_AUTOS = YES_AGGRESSIVE;
				GCC_WARN_UNUSED_FUNCTION = YES;
				GCC_WARN_UNUSED_VARIABLE = YES;
				IPHONEOS_DEPLOYMENT_TARGET = 16.0;
				MTL_ENABLE_DEBUG_INFO = NO;
				MTL_FAST_MATH = YES;
				SDKROOT = iphoneos;
				SWIFT_COMPILATION_MODE = wholemodule;
				SWIFT_OPTIMIZATION_LEVEL = "-O";
				VALIDATE_PRODUCT = YES;
			};
			name = Release;
		};
		DAE46015295E1CDF00704D59 /* Debug */ = {
			isa = XCBuildConfiguration;
			baseConfigurationReference = 7930DD278211EB5472DFDCDE /* Pods-powerManager.debug.xcconfig */;
			buildSettings = {
				ASSETCATALOG_COMPILER_APPICON_NAME = AppIcon;
				ASSETCATALOG_COMPILER_GLOBAL_ACCENT_COLOR_NAME = AccentColor;
				CODE_SIGN_ENTITLEMENTS = powerManager/powerManager.entitlements;
				"CODE_SIGN_IDENTITY[sdk=macosx*]" = "Apple Development";
				CODE_SIGN_STYLE = Automatic;
				CURRENT_PROJECT_VERSION = 1;
				DEVELOPMENT_TEAM = 426X48V4L7;
				GENERATE_INFOPLIST_FILE = YES;
				INFOPLIST_FILE = powerManager/Info.plist;
				INFOPLIST_KEY_CFBundleDisplayName = "powermanager 1";
				INFOPLIST_KEY_LSApplicationCategoryType = "public.app-category.utilities";
				INFOPLIST_KEY_UIApplicationSupportsIndirectInputEvents = YES;
				INFOPLIST_KEY_UILaunchStoryboardName = Main.storyboard;
				INFOPLIST_KEY_UIMainStoryboardFile = Main;
				INFOPLIST_KEY_UIRequiresFullScreen = NO;
				INFOPLIST_KEY_UIStatusBarStyle = "";
				INFOPLIST_KEY_UISupportedInterfaceOrientations_iPad = "UIInterfaceOrientationPortrait UIInterfaceOrientationPortraitUpsideDown UIInterfaceOrientationLandscapeLeft UIInterfaceOrientationLandscapeRight";
				INFOPLIST_KEY_UISupportedInterfaceOrientations_iPhone = "UIInterfaceOrientationPortrait UIInterfaceOrientationLandscapeLeft UIInterfaceOrientationLandscapeRight";
				IPHONEOS_DEPLOYMENT_TARGET = 14.0;
				LD_RUNPATH_SEARCH_PATHS = (
					"$(inherited)",
					"@executable_path/Frameworks",
				);
				MARKETING_VERSION = 1.0;
				PRODUCT_BUNDLE_IDENTIFIER = com.powermanager.powerManager;
				PRODUCT_NAME = "$(TARGET_NAME)";
				SUPPORTED_PLATFORMS = "iphoneos iphonesimulator";
				SUPPORTS_MACCATALYST = YES;
				SUPPORTS_MAC_DESIGNED_FOR_IPHONE_IPAD = YES;
				SWIFT_EMIT_LOC_STRINGS = YES;
				SWIFT_VERSION = 5.0;
				TARGETED_DEVICE_FAMILY = "1,2";
			};
			name = Debug;
		};
		DAE46016295E1CDF00704D59 /* Release */ = {
			isa = XCBuildConfiguration;
			baseConfigurationReference = 3B50EE9563F622BE1EDB0E69 /* Pods-powerManager.release.xcconfig */;
			buildSettings = {
				ASSETCATALOG_COMPILER_APPICON_NAME = AppIcon;
				ASSETCATALOG_COMPILER_GLOBAL_ACCENT_COLOR_NAME = AccentColor;
				CODE_SIGN_ENTITLEMENTS = powerManager/powerManager.entitlements;
				"CODE_SIGN_IDENTITY[sdk=macosx*]" = "Apple Development";
				CODE_SIGN_STYLE = Automatic;
				CURRENT_PROJECT_VERSION = 1;
				DEVELOPMENT_TEAM = 426X48V4L7;
				GENERATE_INFOPLIST_FILE = YES;
				INFOPLIST_FILE = powerManager/Info.plist;
				INFOPLIST_KEY_CFBundleDisplayName = "powermanager 1";
				INFOPLIST_KEY_LSApplicationCategoryType = "public.app-category.utilities";
				INFOPLIST_KEY_UIApplicationSupportsIndirectInputEvents = YES;
				INFOPLIST_KEY_UILaunchStoryboardName = Main.storyboard;
				INFOPLIST_KEY_UIMainStoryboardFile = Main;
				INFOPLIST_KEY_UIRequiresFullScreen = NO;
				INFOPLIST_KEY_UIStatusBarStyle = "";
				INFOPLIST_KEY_UISupportedInterfaceOrientations_iPad = "UIInterfaceOrientationPortrait UIInterfaceOrientationPortraitUpsideDown UIInterfaceOrientationLandscapeLeft UIInterfaceOrientationLandscapeRight";
				INFOPLIST_KEY_UISupportedInterfaceOrientations_iPhone = "UIInterfaceOrientationPortrait UIInterfaceOrientationLandscapeLeft UIInterfaceOrientationLandscapeRight";
				IPHONEOS_DEPLOYMENT_TARGET = 14.0;
				LD_RUNPATH_SEARCH_PATHS = (
					"$(inherited)",
					"@executable_path/Frameworks",
				);
				MARKETING_VERSION = 1.0;
				PRODUCT_BUNDLE_IDENTIFIER = com.powermanager.powerManager;
				PRODUCT_NAME = "$(TARGET_NAME)";
				SUPPORTED_PLATFORMS = "iphoneos iphonesimulator";
				SUPPORTS_MACCATALYST = YES;
				SUPPORTS_MAC_DESIGNED_FOR_IPHONE_IPAD = YES;
				SWIFT_EMIT_LOC_STRINGS = YES;
				SWIFT_VERSION = 5.0;
				TARGETED_DEVICE_FAMILY = "1,2";
			};
			name = Release;
		};
		DAE46018295E1CDF00704D59 /* Debug */ = {
			isa = XCBuildConfiguration;
			buildSettings = {
				ALWAYS_EMBED_SWIFT_STANDARD_LIBRARIES = YES;
				BUNDLE_LOADER = "$(TEST_HOST)";
				CODE_SIGN_STYLE = Automatic;
				CURRENT_PROJECT_VERSION = 1;
				DEVELOPMENT_TEAM = 426X48V4L7;
				GENERATE_INFOPLIST_FILE = YES;
				IPHONEOS_DEPLOYMENT_TARGET = 16.0;
				MARKETING_VERSION = 1.0;
				PRODUCT_BUNDLE_IDENTIFIER = com.powermanager.powerManagerTests;
				PRODUCT_NAME = "$(TARGET_NAME)";
				SWIFT_EMIT_LOC_STRINGS = NO;
				SWIFT_VERSION = 5.0;
				TARGETED_DEVICE_FAMILY = "1,2";
				TEST_HOST = "$(BUILT_PRODUCTS_DIR)/powerManager.app/$(BUNDLE_EXECUTABLE_FOLDER_PATH)/powerManager";
			};
			name = Debug;
		};
		DAE46019295E1CDF00704D59 /* Release */ = {
			isa = XCBuildConfiguration;
			buildSettings = {
				ALWAYS_EMBED_SWIFT_STANDARD_LIBRARIES = YES;
				BUNDLE_LOADER = "$(TEST_HOST)";
				CODE_SIGN_STYLE = Automatic;
				CURRENT_PROJECT_VERSION = 1;
				DEVELOPMENT_TEAM = 426X48V4L7;
				GENERATE_INFOPLIST_FILE = YES;
				IPHONEOS_DEPLOYMENT_TARGET = 16.0;
				MARKETING_VERSION = 1.0;
				PRODUCT_BUNDLE_IDENTIFIER = com.powermanager.powerManagerTests;
				PRODUCT_NAME = "$(TARGET_NAME)";
				SWIFT_EMIT_LOC_STRINGS = NO;
				SWIFT_VERSION = 5.0;
				TARGETED_DEVICE_FAMILY = "1,2";
				TEST_HOST = "$(BUILT_PRODUCTS_DIR)/powerManager.app/$(BUNDLE_EXECUTABLE_FOLDER_PATH)/powerManager";
			};
			name = Release;
		};
		DAE4601B295E1CDF00704D59 /* Debug */ = {
			isa = XCBuildConfiguration;
			buildSettings = {
				ALWAYS_EMBED_SWIFT_STANDARD_LIBRARIES = YES;
				CODE_SIGN_STYLE = Automatic;
				CURRENT_PROJECT_VERSION = 1;
				DEVELOPMENT_TEAM = 426X48V4L7;
				GENERATE_INFOPLIST_FILE = YES;
				MARKETING_VERSION = 1.0;
				PRODUCT_BUNDLE_IDENTIFIER = com.powermanager.powerManagerUITests;
				PRODUCT_NAME = "$(TARGET_NAME)";
				SWIFT_EMIT_LOC_STRINGS = NO;
				SWIFT_VERSION = 5.0;
				TARGETED_DEVICE_FAMILY = "1,2";
				TEST_TARGET_NAME = powerManager;
			};
			name = Debug;
		};
		DAE4601C295E1CDF00704D59 /* Release */ = {
			isa = XCBuildConfiguration;
			buildSettings = {
				ALWAYS_EMBED_SWIFT_STANDARD_LIBRARIES = YES;
				CODE_SIGN_STYLE = Automatic;
				CURRENT_PROJECT_VERSION = 1;
				DEVELOPMENT_TEAM = 426X48V4L7;
				GENERATE_INFOPLIST_FILE = YES;
				MARKETING_VERSION = 1.0;
				PRODUCT_BUNDLE_IDENTIFIER = com.powermanager.powerManagerUITests;
				PRODUCT_NAME = "$(TARGET_NAME)";
				SWIFT_EMIT_LOC_STRINGS = NO;
				SWIFT_VERSION = 5.0;
				TARGETED_DEVICE_FAMILY = "1,2";
				TEST_TARGET_NAME = powerManager;
			};
			name = Release;
		};
/* End XCBuildConfiguration section */

/* Begin XCConfigurationList section */
		DAE45FE5295E1CDD00704D59 /* Build configuration list for PBXProject "powerManager" */ = {
			isa = XCConfigurationList;
			buildConfigurations = (
				DAE46012295E1CDF00704D59 /* Debug */,
				DAE46013295E1CDF00704D59 /* Release */,
			);
			defaultConfigurationIsVisible = 0;
			defaultConfigurationName = Release;
		};
		DAE46014295E1CDF00704D59 /* Build configuration list for PBXNativeTarget "powerManager" */ = {
			isa = XCConfigurationList;
			buildConfigurations = (
				DAE46015295E1CDF00704D59 /* Debug */,
				DAE46016295E1CDF00704D59 /* Release */,
			);
			defaultConfigurationIsVisible = 0;
			defaultConfigurationName = Release;
		};
		DAE46017295E1CDF00704D59 /* Build configuration list for PBXNativeTarget "powerManagerTests" */ = {
			isa = XCConfigurationList;
			buildConfigurations = (
				DAE46018295E1CDF00704D59 /* Debug */,
				DAE46019295E1CDF00704D59 /* Release */,
			);
			defaultConfigurationIsVisible = 0;
			defaultConfigurationName = Release;
		};
		DAE4601A295E1CDF00704D59 /* Build configuration list for PBXNativeTarget "powerManagerUITests" */ = {
			isa = XCConfigurationList;
			buildConfigurations = (
				DAE4601B295E1CDF00704D59 /* Debug */,
				DAE4601C295E1CDF00704D59 /* Release */,
			);
			defaultConfigurationIsVisible = 0;
			defaultConfigurationName = Release;
		};
/* End XCConfigurationList section */
	};
	rootObject = DAE45FE2295E1CDD00704D59 /* Project object */;
}
